
Microsoft Visual Studio Solution File, Format Version 12.00
# Visual Studio Version 17
VisualStudioVersion = 17.11.35327.3
MinimumVisualStudioVersion = 10.0.40219.1
Project("{FAE04EC0-301F-11D3-BF4B-00C04F79EFBC}") = "Autenticacion", "Autenticacion.csproj", "{913E76D9-2627-47EE-BE97-EACD52D399DA}"
EndProject
Global
	GlobalSection(SolutionConfigurationPlatforms) = preSolution
		Debug|Any CPU = Debug|Any CPU
		Release|Any CPU = Release|Any CPU
	EndGlobalSection
	GlobalSection(ProjectConfigurationPlatforms) = postSolution
		{913E76D9-2627-47EE-BE97-EACD52D399DA}.Debug|Any CPU.ActiveCfg = Debug|Any CPU
		{913E76D9-2627-47EE-BE97-EACD52D399DA}.Debug|Any CPU.Build.0 = Debug|Any CPU
		{913E76D9-2627-47EE-BE97-EACD52D399DA}.Release|Any CPU.ActiveCfg = Release|Any CPU
		{913E76D9-2627-47EE-BE97-EACD52D399DA}.Release|Any CPU.Build.0 = Release|Any CPU
	EndGlobalSection
	GlobalSection(SolutionProperties) = preSolution
		HideSolutionNode = FALSE
	EndGlobalSection
	GlobalSection(ExtensibilityGlobals) = postSolution
		SolutionGuid = {DB2B4B3F-4413-4E72-9ABE-3AA793BBFACA}
	EndGlobalSection
EndGlobal
